
Microsoft Visual Studio Solution File, Format Version 12.00
# Visual Studio 15
VisualStudioVersion = 15.0.27130.2020
MinimumVisualStudioVersion = 10.0.40219.1
Project("{FAE04EC0-301F-11D3-BF4B-00C04F79EFBC}") = "Coinbase.NetSDK", "Coinbase.NetSDK\Coinbase.NetSDK.csproj", "{7350B693-CC58-4E8B-A889-21C294D462DD}"
EndProject
Project("{FAE04EC0-301F-11D3-BF4B-00C04F79EFBC}") = "Coinbase.NetSDK.UnitTest", "Coinbase.NetSDK.UnitTest\Coinbase.NetSDK.UnitTest.csproj", "{8D22F1CC-517E-4F28-8D27-6B5398A75AD6}"
EndProject
Global
	GlobalSection(SolutionConfigurationPlatforms) = preSolution
		Debug|Any CPU = Debug|Any CPU
		Release|Any CPU = Release|Any CPU
	EndGlobalSection
	GlobalSection(ProjectConfigurationPlatforms) = postSolution
		{7350B693-CC58-4E8B-A889-21C294D462DD}.Debug|Any CPU.ActiveCfg = Debug|Any CPU
		{7350B693-CC58-4E8B-A889-21C294D462DD}.Debug|Any CPU.Build.0 = Debug|Any CPU
		{7350B693-CC58-4E8B-A889-21C294D462DD}.Release|Any CPU.ActiveCfg = Release|Any CPU
		{7350B693-CC58-4E8B-A889-21C294D462DD}.Release|Any CPU.Build.0 = Release|Any CPU
		{8D22F1CC-517E-4F28-8D27-6B5398A75AD6}.Debug|Any CPU.ActiveCfg = Debug|Any CPU
		{8D22F1CC-517E-4F28-8D27-6B5398A75AD6}.Debug|Any CPU.Build.0 = Debug|Any CPU
		{8D22F1CC-517E-4F28-8D27-6B5398A75AD6}.Release|Any CPU.ActiveCfg = Release|Any CPU
		{8D22F1CC-517E-4F28-8D27-6B5398A75AD6}.Release|Any CPU.Build.0 = Release|Any CPU
	EndGlobalSection
	GlobalSection(SolutionProperties) = preSolution
		HideSolutionNode = FALSE
	EndGlobalSection
	GlobalSection(ExtensibilityGlobals) = postSolution
		SolutionGuid = {6FF50A48-9DB3-4C46-BC5B-C999ADD1C54A}
	EndGlobalSection
EndGlobal
